// !$*UTF8*$!
{
	archiveVersion = 1;
	classes = {
	};
	objectVersion = 55;
	objects = {

/* Begin PBXBuildFile section */
		5370729F286C5DFA00995647 /* vispApp.swift in Sources */ = {isa = PBXBuildFile; fileRef = 5370729E286C5DFA00995647 /* vispApp.swift */; };
		537072A1286C5DFA00995647 /* ContentView.swift in Sources */ = {isa = PBXBuildFile; fileRef = 537072A0286C5DFA00995647 /* ContentView.swift */; };
		537072A3286C5DFD00995647 /* Assets.xcassets in Resources */ = {isa = PBXBuildFile; fileRef = 537072A2286C5DFD00995647 /* Assets.xcassets */; };
		537072A6286C5DFD00995647 /* Preview Assets.xcassets in Resources */ = {isa = PBXBuildFile; fileRef = 537072A5286C5DFD00995647 /* Preview Assets.xcassets */; };
		537072A8286C5DFD00995647 /* Persistence.swift in Sources */ = {isa = PBXBuildFile; fileRef = 537072A7286C5DFD00995647 /* Persistence.swift */; };
		537072AB286C5DFD00995647 /* visp.xcdatamodeld in Sources */ = {isa = PBXBuildFile; fileRef = 537072A9286C5DFD00995647 /* visp.xcdatamodeld */; };
		537072B5286C5DFD00995647 /* vispTests.swift in Sources */ = {isa = PBXBuildFile; fileRef = 537072B4286C5DFD00995647 /* vispTests.swift */; };
		537072BF286C5DFD00995647 /* vispUITests.swift in Sources */ = {isa = PBXBuildFile; fileRef = 537072BE286C5DFD00995647 /* vispUITests.swift */; };
		537072C1286C5DFD00995647 /* vispUITestsLaunchTests.swift in Sources */ = {isa = PBXBuildFile; fileRef = 537072C0286C5DFD00995647 /* vispUITestsLaunchTests.swift */; };
/* End PBXBuildFile section */

/* Begin PBXContainerItemProxy section */
		537072B1286C5DFD00995647 /* PBXContainerItemProxy */ = {
			isa = PBXContainerItemProxy;
			containerPortal = 53707293286C5DFA00995647 /* Project object */;
			proxyType = 1;
			remoteGlobalIDString = 5370729A286C5DFA00995647;
			remoteInfo = visp;
		};
		537072BB286C5DFD00995647 /* PBXContainerItemProxy */ = {
			isa = PBXContainerItemProxy;
			containerPortal = 53707293286C5DFA00995647 /* Project object */;
			proxyType = 1;
			remoteGlobalIDString = 5370729A286C5DFA00995647;
			remoteInfo = visp;
		};
/* End PBXContainerItemProxy section */

/* Begin PBXFileReference section */
		5370729B286C5DFA00995647 /* visp.app */ = {isa = PBXFileReference; explicitFileType = wrapper.application; includeInIndex = 0; path = visp.app; sourceTree = BUILT_PRODUCTS_DIR; };
		5370729E286C5DFA00995647 /* vispApp.swift */ = {isa = PBXFileReference; lastKnownFileType = sourcecode.swift; path = vispApp.swift; sourceTree = "<group>"; };
		537072A0286C5DFA00995647 /* ContentView.swift */ = {isa = PBXFileReference; lastKnownFileType = sourcecode.swift; path = ContentView.swift; sourceTree = "<group>"; };
		537072A2286C5DFD00995647 /* Assets.xcassets */ = {isa = PBXFileReference; lastKnownFileType = folder.assetcatalog; path = Assets.xcassets; sourceTree = "<group>"; };
		537072A5286C5DFD00995647 /* Preview Assets.xcassets */ = {isa = PBXFileReference; lastKnownFileType = folder.assetcatalog; path = "Preview Assets.xcassets"; sourceTree = "<group>"; };
		537072A7286C5DFD00995647 /* Persistence.swift */ = {isa = PBXFileReference; lastKnownFileType = sourcecode.swift; path = Persistence.swift; sourceTree = "<group>"; };
		537072AA286C5DFD00995647 /* visp.xcdatamodel */ = {isa = PBXFileReference; lastKnownFileType = wrapper.xcdatamodel; path = visp.xcdatamodel; sourceTree = "<group>"; };
		537072B0286C5DFD00995647 /* vispTests.xctest */ = {isa = PBXFileReference; explicitFileType = wrapper.cfbundle; includeInIndex = 0; path = vispTests.xctest; sourceTree = BUILT_PRODUCTS_DIR; };
		537072B4286C5DFD00995647 /* vispTests.swift */ = {isa = PBXFileReference; lastKnownFileType = sourcecode.swift; path = vispTests.swift; sourceTree = "<group>"; };
		537072BA286C5DFD00995647 /* vispUITests.xctest */ = {isa = PBXFileReference; explicitFileType = wrapper.cfbundle; includeInIndex = 0; path = vispUITests.xctest; sourceTree = BUILT_PRODUCTS_DIR; };
		537072BE286C5DFD00995647 /* vispUITests.swift */ = {isa = PBXFileReference; lastKnownFileType = sourcecode.swift; path = vispUITests.swift; sourceTree = "<group>"; };
		537072C0286C5DFD00995647 /* vispUITestsLaunchTests.swift */ = {isa = PBXFileReference; lastKnownFileType = sourcecode.swift; path = vispUITestsLaunchTests.swift; sourceTree = "<group>"; };
/* End PBXFileReference section */

/* Begin PBXFrameworksBuildPhase section */
		53707298286C5DFA00995647 /* Frameworks */ = {
			isa = PBXFrameworksBuildPhase;
			buildActionMask = 2147483647;
			files = (
			);
			runOnlyForDeploymentPostprocessing = 0;
		};
		537072AD286C5DFD00995647 /* Frameworks */ = {
			isa = PBXFrameworksBuildPhase;
			buildActionMask = 2147483647;
			files = (
			);
			runOnlyForDeploymentPostprocessing = 0;
		};
		537072B7286C5DFD00995647 /* Frameworks */ = {
			isa = PBXFrameworksBuildPhase;
			buildActionMask = 2147483647;
			files = (
			);
			runOnlyForDeploymentPostprocessing = 0;
		};
/* End PBXFrameworksBuildPhase section */

/* Begin PBXGroup section */
		53707292286C5DFA00995647 = {
			isa = PBXGroup;
			children = (
				5370729D286C5DFA00995647 /* visp */,
				537072B3286C5DFD00995647 /* vispTests */,
				537072BD286C5DFD00995647 /* vispUITests */,
				5370729C286C5DFA00995647 /* Products */,
			);
			sourceTree = "<group>";
		};
		5370729C286C5DFA00995647 /* Products */ = {
			isa = PBXGroup;
			children = (
				5370729B286C5DFA00995647 /* visp.app */,
				537072B0286C5DFD00995647 /* vispTests.xctest */,
				537072BA286C5DFD00995647 /* vispUITests.xctest */,
			);
			name = Products;
			sourceTree = "<group>";
		};
		5370729D286C5DFA00995647 /* visp */ = {
			isa = PBXGroup;
			children = (
				5370729E286C5DFA00995647 /* vispApp.swift */,
				537072A0286C5DFA00995647 /* ContentView.swift */,
				537072A2286C5DFD00995647 /* Assets.xcassets */,
				537072A7286C5DFD00995647 /* Persistence.swift */,
				537072A9286C5DFD00995647 /* visp.xcdatamodeld */,
				537072A4286C5DFD00995647 /* Preview Content */,
			);
			path = visp;
			sourceTree = "<group>";
		};
		537072A4286C5DFD00995647 /* Preview Content */ = {
			isa = PBXGroup;
			children = (
				537072A5286C5DFD00995647 /* Preview Assets.xcassets */,
			);
			path = "Preview Content";
			sourceTree = "<group>";
		};
		537072B3286C5DFD00995647 /* vispTests */ = {
			isa = PBXGroup;
			children = (
				537072B4286C5DFD00995647 /* vispTests.swift */,
			);
			path = vispTests;
			sourceTree = "<group>";
		};
		537072BD286C5DFD00995647 /* vispUITests */ = {
			isa = PBXGroup;
			children = (
				537072BE286C5DFD00995647 /* vispUITests.swift */,
				537072C0286C5DFD00995647 /* vispUITestsLaunchTests.swift */,
			);
			path = vispUITests;
			sourceTree = "<group>";
		};
/* End PBXGroup section */

/* Begin PBXNativeTarget section */
		5370729A286C5DFA00995647 /* visp */ = {
			isa = PBXNativeTarget;
			buildConfigurationList = 537072C4286C5DFD00995647 /* Build configuration list for PBXNativeTarget "visp" */;
			buildPhases = (
				53707297286C5DFA00995647 /* Sources */,
				53707298286C5DFA00995647 /* Frameworks */,
				53707299286C5DFA00995647 /* Resources */,
			);
			buildRules = (
			);
			dependencies = (
			);
			name = visp;
			productName = visp;
			productReference = 5370729B286C5DFA00995647 /* visp.app */;
			productType = "com.apple.product-type.application";
		};
		537072AF286C5DFD00995647 /* vispTests */ = {
			isa = PBXNativeTarget;
			buildConfigurationList = 537072C7286C5DFD00995647 /* Build configuration list for PBXNativeTarget "vispTests" */;
			buildPhases = (
				537072AC286C5DFD00995647 /* Sources */,
				537072AD286C5DFD00995647 /* Frameworks */,
				537072AE286C5DFD00995647 /* Resources */,
			);
			buildRules = (
			);
			dependencies = (
				537072B2286C5DFD00995647 /* PBXTargetDependency */,
			);
			name = vispTests;
			productName = vispTests;
			productReference = 537072B0286C5DFD00995647 /* vispTests.xctest */;
			productType = "com.apple.product-type.bundle.unit-test";
		};
		537072B9286C5DFD00995647 /* vispUITests */ = {
			isa = PBXNativeTarget;
			buildConfigurationList = 537072CA286C5DFD00995647 /* Build configuration list for PBXNativeTarget "vispUITests" */;
			buildPhases = (
				537072B6286C5DFD00995647 /* Sources */,
				537072B7286C5DFD00995647 /* Frameworks */,
				537072B8286C5DFD00995647 /* Resources */,
			);
			buildRules = (
			);
			dependencies = (
				537072BC286C5DFD00995647 /* PBXTargetDependency */,
			);
			name = vispUITests;
			productName = vispUITests;
			productReference = 537072BA286C5DFD00995647 /* vispUITests.xctest */;
			productType = "com.apple.product-type.bundle.ui-testing";
		};
/* End PBXNativeTarget section */

/* Begin PBXProject section */
		53707293286C5DFA00995647 /* Project object */ = {
			isa = PBXProject;
			attributes = {
				BuildIndependentTargetsInParallel = 1;
				LastSwiftUpdateCheck = 1340;
				LastUpgradeCheck = 1340;
				TargetAttributes = {
					5370729A286C5DFA00995647 = {
						CreatedOnToolsVersion = 13.4.1;
					};
					537072AF286C5DFD00995647 = {
						CreatedOnToolsVersion = 13.4.1;
						TestTargetID = 5370729A286C5DFA00995647;
					};
					537072B9286C5DFD00995647 = {
						CreatedOnToolsVersion = 13.4.1;
						TestTargetID = 5370729A286C5DFA00995647;
					};
				};
			};
			buildConfigurationList = 53707296286C5DFA00995647 /* Build configuration list for PBXProject "visp" */;
			compatibilityVersion = "Xcode 13.0";
			developmentRegion = en;
			hasScannedForEncodings = 0;
			knownRegions = (
				en,
				Base,
			);
			mainGroup = 53707292286C5DFA00995647;
			productRefGroup = 5370729C286C5DFA00995647 /* Products */;
			projectDirPath = "";
			projectRoot = "";
			targets = (
				5370729A286C5DFA00995647 /* visp */,
				537072AF286C5DFD00995647 /* vispTests */,
				537072B9286C5DFD00995647 /* vispUITests */,
			);
		};
/* End PBXProject section */

/* Begin PBXResourcesBuildPhase section */
		53707299286C5DFA00995647 /* Resources */ = {
			isa = PBXResourcesBuildPhase;
			buildActionMask = 2147483647;
			files = (
				537072A6286C5DFD00995647 /* Preview Assets.xcassets in Resources */,
				537072A3286C5DFD00995647 /* Assets.xcassets in Resources */,
			);
			runOnlyForDeploymentPostprocessing = 0;
		};
		537072AE286C5DFD00995647 /* Resources */ = {
			isa = PBXResourcesBuildPhase;
			buildActionMask = 2147483647;
			files = (
			);
			runOnlyForDeploymentPostprocessing = 0;
		};
		537072B8286C5DFD00995647 /* Resources */ = {
			isa = PBXResourcesBuildPhase;
			buildActionMask = 2147483647;
			files = (
			);
			runOnlyForDeploymentPostprocessing = 0;
		};
/* End PBXResourcesBuildPhase section */

/* Begin PBXSourcesBuildPhase section */
		53707297286C5DFA00995647 /* Sources */ = {
			isa = PBXSourcesBuildPhase;
			buildActionMask = 2147483647;
			files = (
				537072A8286C5DFD00995647 /* Persistence.swift in Sources */,
				537072A1286C5DFA00995647 /* ContentView.swift in Sources */,
				5370729F286C5DFA00995647 /* vispApp.swift in Sources */,
				537072AB286C5DFD00995647 /* visp.xcdatamodeld in Sources */,
			);
			runOnlyForDeploymentPostprocessing = 0;
		};
		537072AC286C5DFD00995647 /* Sources */ = {
			isa = PBXSourcesBuildPhase;
			buildActionMask = 2147483647;
			files = (
				537072B5286C5DFD00995647 /* vispTests.swift in Sources */,
			);
			runOnlyForDeploymentPostprocessing = 0;
		};
		537072B6286C5DFD00995647 /* Sources */ = {
			isa = PBXSourcesBuildPhase;
			buildActionMask = 2147483647;
			files = (
				537072C1286C5DFD00995647 /* vispUITestsLaunchTests.swift in Sources */,
				537072BF286C5DFD00995647 /* vispUITests.swift in Sources */,
			);
			runOnlyForDeploymentPostprocessing = 0;
		};
/* End PBXSourcesBuildPhase section */

/* Begin PBXTargetDependency section */
		537072B2286C5DFD00995647 /* PBXTargetDependency */ = {
			isa = PBXTargetDependency;
			target = 5370729A286C5DFA00995647 /* visp */;
			targetProxy = 537072B1286C5DFD00995647 /* PBXContainerItemProxy */;
		};
		537072BC286C5DFD00995647 /* PBXTargetDependency */ = {
			isa = PBXTargetDependency;
			target = 5370729A286C5DFA00995647 /* visp */;
			targetProxy = 537072BB286C5DFD00995647 /* PBXContainerItemProxy */;
		};
/* End PBXTargetDependency section */

/* Begin XCBuildConfiguration section */
		537072C2286C5DFD00995647 /* Debug */ = {
			isa = XCBuildConfiguration;
			buildSettings = {
				ALWAYS_SEARCH_USER_PATHS = NO;
				CLANG_ANALYZER_NONNULL = YES;
				CLANG_ANALYZER_NUMBER_OBJECT_CONVERSION = YES_AGGRESSIVE;
				CLANG_CXX_LANGUAGE_STANDARD = "gnu++17";
				CLANG_ENABLE_MODULES = YES;
				CLANG_ENABLE_OBJC_ARC = YES;
				CLANG_ENABLE_OBJC_WEAK = YES;
				CLANG_WARN_BLOCK_CAPTURE_AUTORELEASING = YES;
				CLANG_WARN_BOOL_CONVERSION = YES;
				CLANG_WARN_COMMA = YES;
				CLANG_WARN_CONSTANT_CONVERSION = YES;
				CLANG_WARN_DEPRECATED_OBJC_IMPLEMENTATIONS = YES;
				CLANG_WARN_DIRECT_OBJC_ISA_USAGE = YES_ERROR;
				CLANG_WARN_DOCUMENTATION_COMMENTS = YES;
				CLANG_WARN_EMPTY_BODY = YES;
				CLANG_WARN_ENUM_CONVERSION = YES;
				CLANG_WARN_INFINITE_RECURSION = YES;
				CLANG_WARN_INT_CONVERSION = YES;
				CLANG_WARN_NON_LITERAL_NULL_CONVERSION = YES;
				CLANG_WARN_OBJC_IMPLICIT_RETAIN_SELF = YES;
				CLANG_WARN_OBJC_LITERAL_CONVERSION = YES;
				CLANG_WARN_OBJC_ROOT_CLASS = YES_ERROR;
				CLANG_WARN_QUOTED_INCLUDE_IN_FRAMEWORK_HEADER = YES;
				CLANG_WARN_RANGE_LOOP_ANALYSIS = YES;
				CLANG_WARN_STRICT_PROTOTYPES = YES;
				CLANG_WARN_SUSPICIOUS_MOVE = YES;
				CLANG_WARN_UNGUARDED_AVAILABILITY = YES_AGGRESSIVE;
				CLANG_WARN_UNREACHABLE_CODE = YES;
				CLANG_WARN__DUPLICATE_METHOD_MATCH = YES;
				COPY_PHASE_STRIP = NO;
				DEBUG_INFORMATION_FORMAT = dwarf;
				ENABLE_STRICT_OBJC_MSGSEND = YES;
				ENABLE_TESTABILITY = YES;
				GCC_C_LANGUAGE_STANDARD = gnu11;
				GCC_DYNAMIC_NO_PIC = NO;
				GCC_NO_COMMON_BLOCKS = YES;
				GCC_OPTIMIZATION_LEVEL = 0;
				GCC_PREPROCESSOR_DEFINITIONS = (
					"DEBUG=1",
					"$(inherited)",
				);
				GCC_WARN_64_TO_32_BIT_CONVERSION = YES;
				GCC_WARN_ABOUT_RETURN_TYPE = YES_ERROR;
				GCC_WARN_UNDECLARED_SELECTOR = YES;
				GCC_WARN_UNINITIALIZED_AUTOS = YES_AGGRESSIVE;
				GCC_WARN_UNUSED_FUNCTION = YES;
				GCC_WARN_UNUSED_VARIABLE = YES;
				IPHONEOS_DEPLOYMENT_TARGET = 15.5;
				MTL_ENABLE_DEBUG_INFO = INCLUDE_SOURCE;
				MTL_FAST_MATH = YES;
				ONLY_ACTIVE_ARCH = YES;
				SDKROOT = iphoneos;
				SWIFT_ACTIVE_COMPILATION_CONDITIONS = DEBUG;
				SWIFT_OPTIMIZATION_LEVEL = "-Onone";
			};
			name = Debug;
		};
		537072C3286C5DFD00995647 /* Release */ = {
			isa = XCBuildConfiguration;
			buildSettings = {
				ALWAYS_SEARCH_USER_PATHS = NO;
				CLANG_ANALYZER_NONNULL = YES;
				CLANG_ANALYZER_NUMBER_OBJECT_CONVERSION = YES_AGGRESSIVE;
				CLANG_CXX_LANGUAGE_STANDARD = "gnu++17";
				CLANG_ENABLE_MODULES = YES;
				CLANG_ENABLE_OBJC_ARC = YES;
				CLANG_ENABLE_OBJC_WEAK = YES;
				CLANG_WARN_BLOCK_CAPTURE_AUTORELEASING = YES;
				CLANG_WARN_BOOL_CONVERSION = YES;
				CLANG_WARN_COMMA = YES;
				CLANG_WARN_CONSTANT_CONVERSION = YES;
				CLANG_WARN_DEPRECATED_OBJC_IMPLEMENTATIONS = YES;
				CLANG_WARN_DIRECT_OBJC_ISA_USAGE = YES_ERROR;
				CLANG_WARN_DOCUMENTATION_COMMENTS = YES;
				CLANG_WARN_EMPTY_BODY = YES;
				CLANG_WARN_ENUM_CONVERSION = YES;
				CLANG_WARN_INFINITE_RECURSION = YES;
				CLANG_WARN_INT_CONVERSION = YES;
				CLANG_WARN_NON_LITERAL_NULL_CONVERSION = YES;
				CLANG_WARN_OBJC_IMPLICIT_RETAIN_SELF = YES;
				CLANG_WARN_OBJC_LITERAL_CONVERSION = YES;
				CLANG_WARN_OBJC_ROOT_CLASS = YES_ERROR;
				CLANG_WARN_QUOTED_INCLUDE_IN_FRAMEWORK_HEADER = YES;
				CLANG_WARN_RANGE_LOOP_ANALYSIS = YES;
				CLANG_WARN_STRICT_PROTOTYPES = YES;
				CLANG_WARN_SUSPICIOUS_MOVE = YES;
				CLANG_WARN_UNGUARDED_AVAILABILITY = YES_AGGRESSIVE;
				CLANG_WARN_UNREACHABLE_CODE = YES;
				CLANG_WARN__DUPLICATE_METHOD_MATCH = YES;
				COPY_PHASE_STRIP = NO;
				DEBUG_INFORMATION_FORMAT = "dwarf-with-dsym";
				ENABLE_NS_ASSERTIONS = NO;
				ENABLE_STRICT_OBJC_MSGSEND = YES;
				GCC_C_LANGUAGE_STANDARD = gnu11;
				GCC_NO_COMMON_BLOCKS = YES;
				GCC_WARN_64_TO_32_BIT_CONVERSION = YES;
				GCC_WARN_ABOUT_RETURN_TYPE = YES_ERROR;
				GCC_WARN_UNDECLARED_SELECTOR = YES;
				GCC_WARN_UNINITIALIZED_AUTOS = YES_AGGRESSIVE;
				GCC_WARN_UNUSED_FUNCTION = YES;
				GCC_WARN_UNUSED_VARIABLE = YES;
				IPHONEOS_DEPLOYMENT_TARGET = 15.5;
				MTL_ENABLE_DEBUG_INFO = NO;
				MTL_FAST_MATH = YES;
				SDKROOT = iphoneos;
				SWIFT_COMPILATION_MODE = wholemodule;
				SWIFT_OPTIMIZATION_LEVEL = "-O";
				VALIDATE_PRODUCT = YES;
			};
			name = Release;
		};
		537072C5286C5DFD00995647 /* Debug */ = {
			isa = XCBuildConfiguration;
			buildSettings = {
				ASSETCATALOG_COMPILER_APPICON_NAME = AppIcon;
				ASSETCATALOG_COMPILER_GLOBAL_ACCENT_COLOR_NAME = AccentColor;
				CODE_SIGN_STYLE = Automatic;
				CURRENT_PROJECT_VERSION = 1;
				DEVELOPMENT_ASSET_PATHS = "\"visp/Preview Content\"";
				ENABLE_PREVIEWS = YES;
				GENERATE_INFOPLIST_FILE = YES;
				INFOPLIST_KEY_UIApplicationSceneManifest_Generation = YES;
				INFOPLIST_KEY_UIApplicationSupportsIndirectInputEvents = YES;
				INFOPLIST_KEY_UILaunchScreen_Generation = YES;
				INFOPLIST_KEY_UISupportedInterfaceOrientations_iPad = "UIInterfaceOrientationPortrait UIInterfaceOrientationPortraitUpsideDown UIInterfaceOrientationLandscapeLeft UIInterfaceOrientationLandscapeRight";
				INFOPLIST_KEY_UISupportedInterfaceOrientations_iPhone = "UIInterfaceOrientationPortrait UIInterfaceOrientationLandscapeLeft UIInterfaceOrientationLandscapeRight";
				LD_RUNPATH_SEARCH_PATHS = (
					"$(inherited)",
					"@executable_path/Frameworks",
				);
				MARKETING_VERSION = 1.0;
				PRODUCT_BUNDLE_IDENTIFIER = ilyak.visp;
				PRODUCT_NAME = "$(TARGET_NAME)";
				SWIFT_EMIT_LOC_STRINGS = YES;
				SWIFT_VERSION = 5.0;
				TARGETED_DEVICE_FAMILY = "1,2";
			};
			name = Debug;
		};
		537072C6286C5DFD00995647 /* Release */ = {
			isa = XCBuildConfiguration;
			buildSettings = {
				ASSETCATALOG_COMPILER_APPICON_NAME = AppIcon;
				ASSETCATALOG_COMPILER_GLOBAL_ACCENT_COLOR_NAME = AccentColor;
				CODE_SIGN_STYLE = Automatic;
				CURRENT_PROJECT_VERSION = 1;
				DEVELOPMENT_ASSET_PATHS = "\"visp/Preview Content\"";
				ENABLE_PREVIEWS = YES;
				GENERATE_INFOPLIST_FILE = YES;
				INFOPLIST_KEY_UIApplicationSceneManifest_Generation = YES;
				INFOPLIST_KEY_UIApplicationSupportsIndirectInputEvents = YES;
				INFOPLIST_KEY_UILaunchScreen_Generation = YES;
				INFOPLIST_KEY_UISupportedInterfaceOrientations_iPad = "UIInterfaceOrientationPortrait UIInterfaceOrientationPortraitUpsideDown UIInterfaceOrientationLandscapeLeft UIInterfaceOrientationLandscapeRight";
				INFOPLIST_KEY_UISupportedInterfaceOrientations_iPhone = "UIInterfaceOrientationPortrait UIInterfaceOrientationLandscapeLeft UIInterfaceOrientationLandscapeRight";
				LD_RUNPATH_SEARCH_PATHS = (
					"$(inherited)",
					"@executable_path/Frameworks",
				);
				MARKETING_VERSION = 1.0;
				PRODUCT_BUNDLE_IDENTIFIER = ilyak.visp;
				PRODUCT_NAME = "$(TARGET_NAME)";
				SWIFT_EMIT_LOC_STRINGS = YES;
				SWIFT_VERSION = 5.0;
				TARGETED_DEVICE_FAMILY = "1,2";
			};
			name = Release;
		};
		537072C8286C5DFD00995647 /* Debug */ = {
			isa = XCBuildConfiguration;
			buildSettings = {
				ALWAYS_EMBED_SWIFT_STANDARD_LIBRARIES = YES;
				BUNDLE_LOADER = "$(TEST_HOST)";
				CODE_SIGN_STYLE = Automatic;
				CURRENT_PROJECT_VERSION = 1;
				GENERATE_INFOPLIST_FILE = YES;
				IPHONEOS_DEPLOYMENT_TARGET = 15.5;
				MARKETING_VERSION = 1.0;
				PRODUCT_BUNDLE_IDENTIFIER = ilyak.vispTests;
				PRODUCT_NAME = "$(TARGET_NAME)";
				SWIFT_EMIT_LOC_STRINGS = NO;
				SWIFT_VERSION = 5.0;
				TARGETED_DEVICE_FAMILY = "1,2";
				TEST_HOST = "$(BUILT_PRODUCTS_DIR)/visp.app/visp";
			};
			name = Debug;
		};
		537072C9286C5DFD00995647 /* Release */ = {
			isa = XCBuildConfiguration;
			buildSettings = {
				ALWAYS_EMBED_SWIFT_STANDARD_LIBRARIES = YES;
				BUNDLE_LOADER = "$(TEST_HOST)";
				CODE_SIGN_STYLE = Automatic;
				CURRENT_PROJECT_VERSION = 1;
				GENERATE_INFOPLIST_FILE = YES;
				IPHONEOS_DEPLOYMENT_TARGET = 15.5;
				MARKETING_VERSION = 1.0;
				PRODUCT_BUNDLE_IDENTIFIER = ilyak.vispTests;
				PRODUCT_NAME = "$(TARGET_NAME)";
				SWIFT_EMIT_LOC_STRINGS = NO;
				SWIFT_VERSION = 5.0;
				TARGETED_DEVICE_FAMILY = "1,2";
				TEST_HOST = "$(BUILT_PRODUCTS_DIR)/visp.app/visp";
			};
			name = Release;
		};
		537072CB286C5DFD00995647 /* Debug */ = {
			isa = XCBuildConfiguration;
			buildSettings = {
				ALWAYS_EMBED_SWIFT_STANDARD_LIBRARIES = YES;
				CODE_SIGN_STYLE = Automatic;
				CURRENT_PROJECT_VERSION = 1;
				GENERATE_INFOPLIST_FILE = YES;
				MARKETING_VERSION = 1.0;
				PRODUCT_BUNDLE_IDENTIFIER = ilyak.vispUITests;
				PRODUCT_NAME = "$(TARGET_NAME)";
				SWIFT_EMIT_LOC_STRINGS = NO;
				SWIFT_VERSION = 5.0;
				TARGETED_DEVICE_FAMILY = "1,2";
				TEST_TARGET_NAME = visp;
			};
			name = Debug;
		};
		537072CC286C5DFD00995647 /* Release */ = {
			isa = XCBuildConfiguration;
			buildSettings = {
				ALWAYS_EMBED_SWIFT_STANDARD_LIBRARIES = YES;
				CODE_SIGN_STYLE = Automatic;
				CURRENT_PROJECT_VERSION = 1;
				GENERATE_INFOPLIST_FILE = YES;
				MARKETING_VERSION = 1.0;
				PRODUCT_BUNDLE_IDENTIFIER = ilyak.vispUITests;
				PRODUCT_NAME = "$(TARGET_NAME)";
				SWIFT_EMIT_LOC_STRINGS = NO;
				SWIFT_VERSION = 5.0;
				TARGETED_DEVICE_FAMILY = "1,2";
				TEST_TARGET_NAME = visp;
			};
			name = Release;
		};
/* End XCBuildConfiguration section */

/* Begin XCConfigurationList section */
		53707296286C5DFA00995647 /* Build configuration list for PBXProject "visp" */ = {
			isa = XCConfigurationList;
			buildConfigurations = (
				537072C2286C5DFD00995647 /* Debug */,
				537072C3286C5DFD00995647 /* Release */,
			);
			defaultConfigurationIsVisible = 0;
			defaultConfigurationName = Release;
		};
		537072C4286C5DFD00995647 /* Build configuration list for PBXNativeTarget "visp" */ = {
			isa = XCConfigurationList;
			buildConfigurations = (
				537072C5286C5DFD00995647 /* Debug */,
				537072C6286C5DFD00995647 /* Release */,
			);
			defaultConfigurationIsVisible = 0;
			defaultConfigurationName = Release;
		};
		537072C7286C5DFD00995647 /* Build configuration list for PBXNativeTarget "vispTests" */ = {
			isa = XCConfigurationList;
			buildConfigurations = (
				537072C8286C5DFD00995647 /* Debug */,
				537072C9286C5DFD00995647 /* Release */,
			);
			defaultConfigurationIsVisible = 0;
			defaultConfigurationName = Release;
		};
		537072CA286C5DFD00995647 /* Build configuration list for PBXNativeTarget "vispUITests" */ = {
			isa = XCConfigurationList;
			buildConfigurations = (
				537072CB286C5DFD00995647 /* Debug */,
				537072CC286C5DFD00995647 /* Release */,
			);
			defaultConfigurationIsVisible = 0;
			defaultConfigurationName = Release;
		};
/* End XCConfigurationList section */

/* Begin XCVersionGroup section */
		537072A9286C5DFD00995647 /* visp.xcdatamodeld */ = {
			isa = XCVersionGroup;
			children = (
				537072AA286C5DFD00995647 /* visp.xcdatamodel */,
			);
			currentVersion = 537072AA286C5DFD00995647 /* visp.xcdatamodel */;
			path = visp.xcdatamodeld;
			sourceTree = "<group>";
			versionGroupType = wrapper.xcdatamodel;
		};
/* End XCVersionGroup section */
	};
	rootObject = 53707293286C5DFA00995647 /* Project object */;
}
